PODS:
  - DBChainSm2 (2.4.0):
    - GMOpenSSL
  - GMOpenSSL (2.2.6)

DEPENDENCIES:
  - DBChainSm2 (from `../`)

SPEC REPOS:
  trunk:
    - GMOpenSSL

EXTERNAL SOURCES:
  DBChainSm2:
    :path: "../"

SPEC CHECKSUMS:
  DBChainSm2: b75d2f35587e21650957827ca4510ed95d5cebb8
  GMOpenSSL: 9a58d4bbae233579275605fb65f7d92fb01f3c06

PODFILE CHECKSUM: 65edce89f5269879675b9b38a451f493c958b3ce

COCOAPODS: 1.11.2
